
Microsoft Visual Studio Solution File, Format Version 12.00
# Visual Studio Version 16
VisualStudioVersion = 16.0.33920.266
MinimumVisualStudioVersion = 10.0.40219.1
Project("{FAE04EC0-301F-11D3-BF4B-00C04F79EFBC}") = "SocketProgramming", "SocketProgramming\SocketProgramming.csproj", "{0C894906-4FAF-4166-9B2F-803104A216CE}"
EndProject
Project("{FAE04EC0-301F-11D3-BF4B-00C04F79EFBC}") = "SocketProgramming_Client", "SocketProgramming_Client\SocketProgramming_Client.csproj", "{5C84EE53-A7A5-48E7-B873-03652C883963}"
EndProject
Global
	GlobalSection(SolutionConfigurationPlatforms) = preSolution
		Debug|Any CPU = Debug|Any CPU
		Release|Any CPU = Release|Any CPU
	EndGlobalSection
	GlobalSection(ProjectConfigurationPlatforms) = postSolution
		{0C894906-4FAF-4166-9B2F-803104A216CE}.Debug|Any CPU.ActiveCfg = Debug|Any CPU
		{0C894906-4FAF-4166-9B2F-803104A216CE}.Debug|Any CPU.Build.0 = Debug|Any CPU
		{0C894906-4FAF-4166-9B2F-803104A216CE}.Release|Any CPU.ActiveCfg = Release|Any CPU
		{0C894906-4FAF-4166-9B2F-803104A216CE}.Release|Any CPU.Build.0 = Release|Any CPU
		{5C84EE53-A7A5-48E7-B873-03652C883963}.Debug|Any CPU.ActiveCfg = Debug|Any CPU
		{5C84EE53-A7A5-48E7-B873-03652C883963}.Debug|Any CPU.Build.0 = Debug|Any CPU
		{5C84EE53-A7A5-48E7-B873-03652C883963}.Release|Any CPU.ActiveCfg = Release|Any CPU
		{5C84EE53-A7A5-48E7-B873-03652C883963}.Release|Any CPU.Build.0 = Release|Any CPU
	EndGlobalSection
	GlobalSection(SolutionProperties) = preSolution
		HideSolutionNode = FALSE
	EndGlobalSection
	GlobalSection(ExtensibilityGlobals) = postSolution
		SolutionGuid = {E5FBF5AB-0ABA-4215-B131-DC81755B240F}
	EndGlobalSection
EndGlobal
